
Microsoft Visual Studio Solution File, Format Version 12.00
# Visual Studio Version 17
VisualStudioVersion = 17.14.36603.0 d17.14
MinimumVisualStudioVersion = 10.0.40219.1
Project("{FAE04EC0-301F-11D3-BF4B-00C04F79EFBC}") = "ConceptosBasePOO", "ConceptosBasePOO\ConceptosBasePOO.csproj", "{B36FE8F5-8C10-4C81-8824-4CE1CC8864F0}"
EndProject
Project("{2150E333-8FDC-42A3-9474-1A3956D46DE8}") = "Elementos de la solución", "Elementos de la solución", "{D107F4C8-89CC-BEA8-D3D7-CA6B7733353D}"
	ProjectSection(SolutionItems) = preProject
		Readme.md = Readme.md
	EndProjectSection
EndProject
Global
	GlobalSection(SolutionConfigurationPlatforms) = preSolution
		Debug|Any CPU = Debug|Any CPU
		Release|Any CPU = Release|Any CPU
	EndGlobalSection
	GlobalSection(ProjectConfigurationPlatforms) = postSolution
		{B36FE8F5-8C10-4C81-8824-4CE1CC8864F0}.Debug|Any CPU.ActiveCfg = Debug|Any CPU
		{B36FE8F5-8C10-4C81-8824-4CE1CC8864F0}.Debug|Any CPU.Build.0 = Debug|Any CPU
		{B36FE8F5-8C10-4C81-8824-4CE1CC8864F0}.Release|Any CPU.ActiveCfg = Release|Any CPU
		{B36FE8F5-8C10-4C81-8824-4CE1CC8864F0}.Release|Any CPU.Build.0 = Release|Any CPU
	EndGlobalSection
	GlobalSection(SolutionProperties) = preSolution
		HideSolutionNode = FALSE
	EndGlobalSection
	GlobalSection(ExtensibilityGlobals) = postSolution
		SolutionGuid = {DFA48CE4-5E5B-477C-9ABB-9CCDD5991BEE}
	EndGlobalSection
EndGlobal
